
Microsoft Visual Studio Solution File, Format Version 12.00
# Visual Studio Version 17
VisualStudioVersion = 17.0.31903.59
MinimumVisualStudioVersion = 10.0.40219.1
Project("{FAE04EC0-301F-11D3-BF4B-00C04F79EFBC}") = "UnidecodeSharpFork", "UnidecodeSharpFork\UnidecodeSharpFork.csproj", "{957FEE05-171C-4F54-9AEA-24A90190FB35}"
EndProject
Project("{FAE04EC0-301F-11D3-BF4B-00C04F79EFBC}") = "Tests", "Tests\Tests.csproj", "{FD1760F3-2BE3-4FAA-BBA7-5843EDF97F62}"
EndProject
Global
	GlobalSection(SolutionConfigurationPlatforms) = preSolution
		Debug|Any CPU = Debug|Any CPU
		Release|Any CPU = Release|Any CPU
	EndGlobalSection
	GlobalSection(ProjectConfigurationPlatforms) = postSolution
		{957FEE05-171C-4F54-9AEA-24A90190FB35}.Debug|Any CPU.ActiveCfg = Debug|Any CPU
		{957FEE05-171C-4F54-9AEA-24A90190FB35}.Debug|Any CPU.Build.0 = Debug|Any CPU
		{957FEE05-171C-4F54-9AEA-24A90190FB35}.Release|Any CPU.ActiveCfg = Release|Any CPU
		{957FEE05-171C-4F54-9AEA-24A90190FB35}.Release|Any CPU.Build.0 = Release|Any CPU
		{FD1760F3-2BE3-4FAA-BBA7-5843EDF97F62}.Debug|Any CPU.ActiveCfg = Debug|Any CPU
		{FD1760F3-2BE3-4FAA-BBA7-5843EDF97F62}.Debug|Any CPU.Build.0 = Debug|Any CPU
		{FD1760F3-2BE3-4FAA-BBA7-5843EDF97F62}.Release|Any CPU.ActiveCfg = Release|Any CPU
		{FD1760F3-2BE3-4FAA-BBA7-5843EDF97F62}.Release|Any CPU.Build.0 = Release|Any CPU
	EndGlobalSection
	GlobalSection(SolutionProperties) = preSolution
		HideSolutionNode = FALSE
	EndGlobalSection
	GlobalSection(ExtensibilityGlobals) = postSolution
		SolutionGuid = {D7EA3562-FA77-46CB-A8B2-ED69BDE24632}
	EndGlobalSection
EndGlobal
